<?xml version="1.0" encoding="utf-8"?>
<Project ToolsVersion="4.0" xmlns="http://schemas.microsoft.com/developer/msbuild/2003">
  <ItemGroup>
    <ClCompile Include="..\..\src\audio.c" />
    <ClCompile Include="..\..\src\audio_sdl.c" />
    <ClCompile Include="..\..\src\board.c" />
    <ClCompile Include="..\..\src\configure.c" />
    <ClCompile Include="..\..\src\counter.c" />
    <ClCompile Include="..\..\src\data.c" />
    <ClCompile Include="..\..\src\event.c" />
    <ClCompile Include="..\..\src\event_sdl.c" />
    <ClCompile Include="..\..\src\expr.c" />
    <ClCompile Include="..\..\src\fsafeopen.c" />
    <ClCompile Include="..\..\src\game.c" />
    <ClCompile Include="..\..\src\game2.c" />
    <ClCompile Include="..\..\src\graphics.c" />
    <ClCompile Include="..\..\src\helpsys.c" />
    <ClCompile Include="..\..\src\idarray.c" />
    <ClCompile Include="..\..\src\idput.c" />
    <ClCompile Include="..\..\src\intake.c" />
    <ClCompile Include="..\..\src\legacy_rasm.c" />
    <ClCompile Include="..\..\src\mzm.c" />
    <ClCompile Include="..\..\src\network\host.c" />
    <ClCompile Include="..\..\src\network\manifest.c" />
    <ClCompile Include="..\..\src\network\network.c" />
    <ClCompile Include="..\..\src\network\sha256.c" />
    <ClCompile Include="..\..\src\platform_sdl.c" />
    <ClCompile Include="..\..\src\pngops.c" />
    <ClCompile Include="..\..\src\rasm.c" />
    <ClCompile Include="..\..\src\render.c" />
    <ClCompile Include="..\..\src\render_gl.c" />
    <ClCompile Include="..\..\src\render_gl1.c" />
    <ClCompile Include="..\..\src\render_gl2.c" />
    <ClCompile Include="..\..\src\render_glsl.c" />
    <ClCompile Include="..\..\src\render_sdl.c" />
    <ClCompile Include="..\..\src\render_soft.c" />
    <ClCompile Include="..\..\src\render_yuv.c" />
    <ClCompile Include="..\..\src\render_yuv1.c" />
    <ClCompile Include="..\..\src\render_yuv2.c" />
    <ClCompile Include="..\..\src\robot.c" />
    <ClCompile Include="..\..\src\run_robot.c" />
    <ClCompile Include="..\..\src\scrdisp.c" />
    <ClCompile Include="..\..\src\sfx.c" />
    <ClCompile Include="..\..\src\sprite.c" />
    <ClCompile Include="..\..\src\util.c" />
    <ClCompile Include="..\..\src\window.c" />
    <ClCompile Include="..\..\src\world.c" />
    <ClCompile Include="..\..\contrib\libxmp\src\control.c">
      <Filter>libxmp</Filter>
    </ClCompile>
    <ClCompile Include="..\..\contrib\libxmp\src\dataio.c">
      <Filter>libxmp</Filter>
    </ClCompile>
    <ClCompile Include="..\..\contrib\libxmp\src\effects.c">
      <Filter>libxmp</Filter>
    </ClCompile>
    <ClCompile Include="..\..\contrib\libxmp\src\extras.c">
      <Filter>libxmp</Filter>
    </ClCompile>
    <ClCompile Include="..\..\contrib\libxmp\src\filter.c">
      <Filter>libxmp</Filter>
    </ClCompile>
    <ClCompile Include="..\..\contrib\libxmp\src\fnmatch.c">
      <Filter>libxmp</Filter>
    </ClCompile>
    <ClCompile Include="..\..\contrib\libxmp\src\format.c">
      <Filter>libxmp</Filter>
    </ClCompile>
    <ClCompile Include="..\..\contrib\libxmp\src\hio.c">
      <Filter>libxmp</Filter>
    </ClCompile>
    <ClCompile Include="..\..\contrib\libxmp\src\hmn_extras.c">
      <Filter>libxmp</Filter>
    </ClCompile>
    <ClCompile Include="..\..\contrib\libxmp\src\lfo.c">
      <Filter>libxmp</Filter>
    </ClCompile>
    <ClCompile Include="..\..\contrib\libxmp\src\load.c">
      <Filter>libxmp</Filter>
    </ClCompile>
    <ClCompile Include="..\..\contrib\libxmp\src\load_helpers.c">
      <Filter>libxmp</Filter>
    </ClCompile>
    <ClCompile Include="..\..\contrib\libxmp\src\md5.c">
      <Filter>libxmp</Filter>
    </ClCompile>
    <ClCompile Include="..\..\contrib\libxmp\src\med_extras.c">
      <Filter>libxmp</Filter>
    </ClCompile>
    <ClCompile Include="..\..\contrib\libxmp\src\memio.c">
      <Filter>libxmp</Filter>
    </ClCompile>
    <ClCompile Include="..\..\contrib\libxmp\src\mix_all.c">
      <Filter>libxmp</Filter>
    </ClCompile>
    <ClCompile Include="..\..\contrib\libxmp\src\mix_paula.c">
      <Filter>libxmp</Filter>
    </ClCompile>
    <ClCompile Include="..\..\contrib\libxmp\src\mixer.c">
      <Filter>libxmp</Filter>
    </ClCompile>
    <ClCompile Include="..\..\contrib\libxmp\src\mkstemp.c">
      <Filter>libxmp</Filter>
    </ClCompile>
    <ClCompile Include="..\..\contrib\libxmp\src\period.c">
      <Filter>libxmp</Filter>
    </ClCompile>
    <ClCompile Include="..\..\contrib\libxmp\src\player.c">
      <Filter>libxmp</Filter>
    </ClCompile>
    <ClCompile Include="..\..\contrib\libxmp\src\read_event.c">
      <Filter>libxmp</Filter>
    </ClCompile>
    <ClCompile Include="..\..\contrib\libxmp\src\scan.c">
      <Filter>libxmp</Filter>
    </ClCompile>
    <ClCompile Include="..\..\contrib\libxmp\src\smix.c">
      <Filter>libxmp</Filter>
    </ClCompile>
    <ClCompile Include="..\..\contrib\libxmp\src\virtual.c">
      <Filter>libxmp</Filter>
    </ClCompile>
    <ClCompile Include="..\..\src\audio_xmp.c" />
    <ClCompile Include="..\..\contrib\libxmp\src\loaders\669_load.c">
      <Filter>libxmp\loaders</Filter>
    </ClCompile>
    <ClCompile Include="..\..\contrib\libxmp\src\loaders\amf_load.c">
      <Filter>libxmp\loaders</Filter>
    </ClCompile>
    <ClCompile Include="..\..\contrib\libxmp\src\loaders\asif.c">
      <Filter>libxmp\loaders</Filter>
    </ClCompile>
    <ClCompile Include="..\..\contrib\libxmp\src\loaders\asylum_load.c">
      <Filter>libxmp\loaders</Filter>
    </ClCompile>
    <ClCompile Include="..\..\contrib\libxmp\src\loaders\common.c">
      <Filter>libxmp\loaders</Filter>
    </ClCompile>
    <ClCompile Include="..\..\contrib\libxmp\src\loaders\far_load.c">
      <Filter>libxmp\loaders</Filter>
    </ClCompile>
    <ClCompile Include="..\..\contrib\libxmp\src\loaders\gdm_load.c">
      <Filter>libxmp\loaders</Filter>
    </ClCompile>
    <ClCompile Include="..\..\contrib\libxmp\src\loaders\iff.c">
      <Filter>libxmp\loaders</Filter>
    </ClCompile>
    <ClCompile Include="..\..\contrib\libxmp\src\loaders\it_load.c">
      <Filter>libxmp\loaders</Filter>
    </ClCompile>
    <ClCompile Include="..\..\contrib\libxmp\src\loaders\itsex.c">
      <Filter>libxmp\loaders</Filter>
    </ClCompile>
    <ClCompile Include="..\..\contrib\libxmp\src\loaders\med2_load.c">
      <Filter>libxmp\loaders</Filter>
    </ClCompile>
    <ClCompile Include="..\..\contrib\libxmp\src\loaders\med3_load.c">
      <Filter>libxmp\loaders</Filter>
    </ClCompile>
    <ClCompile Include="..\..\contrib\libxmp\src\loaders\med4_load.c">
      <Filter>libxmp\loaders</Filter>
    </ClCompile>
    <ClCompile Include="..\..\contrib\libxmp\src\loaders\mmd_common.c">
      <Filter>libxmp\loaders</Filter>
    </ClCompile>
    <ClCompile Include="..\..\contrib\libxmp\src\loaders\mmd1_load.c">
      <Filter>libxmp\loaders</Filter>
    </ClCompile>
    <ClCompile Include="..\..\contrib\libxmp\src\loaders\mmd3_load.c">
      <Filter>libxmp\loaders</Filter>
    </ClCompile>
    <ClCompile Include="..\..\contrib\libxmp\src\loaders\mod_load.c">
      <Filter>libxmp\loaders</Filter>
    </ClCompile>
    <ClCompile Include="..\..\contrib\libxmp\src\loaders\mtm_load.c">
      <Filter>libxmp\loaders</Filter>
    </ClCompile>
    <ClCompile Include="..\..\contrib\libxmp\src\loaders\okt_load.c">
      <Filter>libxmp\loaders</Filter>
    </ClCompile>
    <ClCompile Include="..\..\contrib\libxmp\src\loaders\s3m_load.c">
      <Filter>libxmp\loaders</Filter>
    </ClCompile>
    <ClCompile Include="..\..\contrib\libxmp\src\loaders\sample.c">
      <Filter>libxmp\loaders</Filter>
    </ClCompile>
    <ClCompile Include="..\..\contrib\libxmp\src\loaders\stm_load.c">
      <Filter>libxmp\loaders</Filter>
    </ClCompile>
    <ClCompile Include="..\..\contrib\libxmp\src\loaders\ult_load.c">
      <Filter>libxmp\loaders</Filter>
    </ClCompile>
    <ClCompile Include="..\..\contrib\libxmp\src\loaders\voltable.c">
      <Filter>libxmp\loaders</Filter>
    </ClCompile>
    <ClCompile Include="..\..\contrib\libxmp\src\loaders\xm_load.c">
      <Filter>libxmp\loaders</Filter>
    </ClCompile>
    <ClCompile Include="..\..\src\block.c" />
    <ClCompile Include="..\..\src\legacy_board.c" />
    <ClCompile Include="..\..\src\legacy_robot.c" />
    <ClCompile Include="..\..\src\legacy_world.c" />
    <ClCompile Include="..\..\src\render_layer.c" />
    <ClCompile Include="..\..\src\str.c" />
    <ClCompile Include="..\..\src\zip.c" />
    <ClCompile Include="..\..\contrib\gdm2s3m\src\error.c">
      <Filter>gdm2s3m</Filter>
    </ClCompile>
    <ClCompile Include="..\..\contrib\gdm2s3m\src\gdm.c">
      <Filter>gdm2s3m</Filter>
    </ClCompile>
    <ClCompile Include="..\..\contrib\gdm2s3m\src\gdm2s3m.c">
      <Filter>gdm2s3m</Filter>
    </ClCompile>
    <ClCompile Include="..\..\contrib\gdm2s3m\src\s3m.c">
      <Filter>gdm2s3m</Filter>
    </ClCompile>
    <ClCompile Include="..\..\contrib\gdm2s3m\src\utility.c">
      <Filter>gdm2s3m</Filter>
    </ClCompile>
    <ClCompile Include="..\..\src\error.c" />
  </ItemGroup>
  <ItemGroup>
    <ClInclude Include="..\..\src\audio.h" />
    <ClInclude Include="..\..\src\board.h" />
    <ClInclude Include="..\..\src\board_struct.h" />
    <ClInclude Include="..\..\src\compat.h" />
    <ClInclude Include="..\..\src\configure.h" />
    <ClInclude Include="..\..\src\const.h" />
    <ClInclude Include="..\..\src\counter.h" />
    <ClInclude Include="..\..\src\counter_struct.h" />
    <ClInclude Include="..\..\src\data.h" />
    <ClInclude Include="..\..\src\event.h" />
    <ClInclude Include="..\..\src\expr.h" />
    <ClInclude Include="..\..\src\extmem.h" />
    <ClInclude Include="..\..\src\fsafeopen.h" />
    <ClInclude Include="..\..\src\game.h" />
    <ClInclude Include="..\..\src\game2.h" />
    <ClInclude Include="..\..\src\graphics.h" />
    <ClInclude Include="..\..\src\helpsys.h" />
    <ClInclude Include="..\..\src\idarray.h" />
    <ClInclude Include="..\..\src\idput.h" />
    <ClInclude Include="..\..\src\intake.h" />
    <ClInclude Include="..\..\src\keysym.h" />
    <ClInclude Include="..\..\src\legacy_rasm.h" />
    <ClInclude Include="..\..\src\mzm.h" />
    <ClInclude Include="..\..\src\network\host.h" />
    <ClInclude Include="..\..\src\network\manifest.h" />
    <ClInclude Include="..\..\src\network\network.h" />
    <ClInclude Include="..\..\src\network\sha256.h" />
    <ClInclude Include="..\..\src\platform.h" />
    <ClInclude Include="..\..\src\platform_endian.h" />
    <ClInclude Include="..\..\src\platform_sdl.h" />
    <ClInclude Include="..\..\src\pngops.h" />
    <ClInclude Include="..\..\src\rasm.h" />
    <ClInclude Include="..\..\src\render.h" />
    <ClInclude Include="..\..\src\renderers.h" />
    <ClInclude Include="..\..\src\render_gl.h" />
    <ClInclude Include="..\..\src\render_sdl.h" />
    <ClInclude Include="..\..\src\render_yuv.h" />
    <ClInclude Include="..\..\src\robot.h" />
    <ClInclude Include="..\..\src\robot_struct.h" />
    <ClInclude Include="..\..\src\scrdisp.h" />
    <ClInclude Include="..\..\src\sfx.h" />
    <ClInclude Include="..\..\src\sprite.h" />
    <ClInclude Include="..\..\src\sprite_struct.h" />
    <ClInclude Include="..\..\src\util.h" />
    <ClInclude Include="..\..\src\window.h" />
    <ClInclude Include="..\..\src\world.h" />
    <ClInclude Include="..\..\src\world_struct.h" />
    <ClInclude Include="config.h" />
    <ClInclude Include="dirent.h" />
    <ClInclude Include="msvc.h" />
    <ClInclude Include="..\..\contrib\libxmp\src\common.h">
      <Filter>libxmp</Filter>
    </ClInclude>
    <ClInclude Include="..\..\contrib\libxmp\src\effects.h">
      <Filter>libxmp</Filter>
    </ClInclude>
    <ClInclude Include="..\..\contrib\libxmp\src\extras.h">
      <Filter>libxmp</Filter>
    </ClInclude>
    <ClInclude Include="..\..\contrib\libxmp\src\fnmatch.h">
      <Filter>libxmp</Filter>
    </ClInclude>
    <ClInclude Include="..\..\contrib\libxmp\src\format.h">
      <Filter>libxmp</Filter>
    </ClInclude>
    <ClInclude Include="..\..\contrib\libxmp\src\hio.h">
      <Filter>libxmp</Filter>
    </ClInclude>
    <ClInclude Include="..\..\contrib\libxmp\src\hmn_extras.h">
      <Filter>libxmp</Filter>
    </ClInclude>
    <ClInclude Include="..\..\contrib\libxmp\src\lfo.h">
      <Filter>libxmp</Filter>
    </ClInclude>
    <ClInclude Include="..\..\contrib\libxmp\src\list.h">
      <Filter>libxmp</Filter>
    </ClInclude>
    <ClInclude Include="..\..\contrib\libxmp\src\md5.h">
      <Filter>libxmp</Filter>
    </ClInclude>
    <ClInclude Include="..\..\contrib\libxmp\src\mdataio.h">
      <Filter>libxmp</Filter>
    </ClInclude>
    <ClInclude Include="..\..\contrib\libxmp\src\med_extras.h">
      <Filter>libxmp</Filter>
    </ClInclude>
    <ClInclude Include="..\..\contrib\libxmp\src\memio.h">
      <Filter>libxmp</Filter>
    </ClInclude>
    <ClInclude Include="..\..\contrib\libxmp\src\mixer.h">
      <Filter>libxmp</Filter>
    </ClInclude>
    <ClInclude Include="..\..\contrib\libxmp\src\paula.h">
      <Filter>libxmp</Filter>
    </ClInclude>
    <ClInclude Include="..\..\contrib\libxmp\src\period.h">
      <Filter>libxmp</Filter>
    </ClInclude>
    <ClInclude Include="..\..\contrib\libxmp\src\player.h">
      <Filter>libxmp</Filter>
    </ClInclude>
    <ClInclude Include="..\..\contrib\libxmp\src\precomp_blep.h">
      <Filter>libxmp</Filter>
    </ClInclude>
    <ClInclude Include="..\..\contrib\libxmp\src\precomp_lut.h">
      <Filter>libxmp</Filter>
    </ClInclude>
    <ClInclude Include="..\..\contrib\libxmp\src\virtual.h">
      <Filter>libxmp</Filter>
    </ClInclude>
    <ClInclude Include="..\..\src\audio_xmp.h" />
    <ClInclude Include="..\..\contrib\libxmp\src\loaders\asif.h">
      <Filter>libxmp\loaders</Filter>
    </ClInclude>
    <ClInclude Include="..\..\contrib\libxmp\src\loaders\iff.h">
      <Filter>libxmp\loaders</Filter>
    </ClInclude>
    <ClInclude Include="..\..\contrib\libxmp\src\loaders\it.h">
      <Filter>libxmp\loaders</Filter>
    </ClInclude>
    <ClInclude Include="..\..\contrib\libxmp\src\loaders\loader.h">
      <Filter>libxmp\loaders</Filter>
    </ClInclude>
    <ClInclude Include="..\..\contrib\libxmp\src\loaders\med.h">
      <Filter>libxmp\loaders</Filter>
    </ClInclude>
    <ClInclude Include="..\..\contrib\libxmp\src\loaders\mod.h">
      <Filter>libxmp\loaders</Filter>
    </ClInclude>
    <ClInclude Include="..\..\contrib\libxmp\src\loaders\s3m.h">
      <Filter>libxmp\loaders</Filter>
    </ClInclude>
    <ClInclude Include="..\..\contrib\libxmp\src\loaders\xm.h">
      <Filter>libxmp\loaders</Filter>
    </ClInclude>
    <ClInclude Include="..\..\src\block.h" />
    <ClInclude Include="..\..\src\legacy_board.h" />
    <ClInclude Include="..\..\src\legacy_robot.h" />
    <ClInclude Include="..\..\src\legacy_world.h" />
    <ClInclude Include="..\..\src\render_layer.h" />
    <ClInclude Include="..\..\src\str.h" />
    <ClInclude Include="..\..\src\zip.h" />
    <ClInclude Include="..\..\contrib\gdm2s3m\src\error.h">
      <Filter>gdm2s3m</Filter>
    </ClInclude>
    <ClInclude Include="..\..\contrib\gdm2s3m\src\gdm.h">
      <Filter>gdm2s3m</Filter>
    </ClInclude>
    <ClInclude Include="..\..\contrib\gdm2s3m\src\gdm2s3m.h">
      <Filter>gdm2s3m</Filter>
    </ClInclude>
    <ClInclude Include="..\..\contrib\gdm2s3m\src\s3m.h">
      <Filter>gdm2s3m</Filter>
    </ClInclude>
    <ClInclude Include="..\..\contrib\gdm2s3m\src\types.h">
      <Filter>gdm2s3m</Filter>
    </ClInclude>
    <ClInclude Include="..\..\contrib\gdm2s3m\src\utility.h">
      <Filter>gdm2s3m</Filter>
    </ClInclude>
    <ClInclude Include="..\..\src\error.h" />
  </ItemGroup>
  <ItemGroup>
    <Filter Include="libxmp">
      <UniqueIdentifier>{8ed6a5f9-1fb6-4c88-aa2b-fc67d763ede1}</UniqueIdentifier>
    </Filter>
    <Filter Include="libxmp\loaders">
      <UniqueIdentifier>{101de999-d702-4aba-a0b9-d15d3947704d}</UniqueIdentifier>
    </Filter>
    <Filter Include="gdm2s3m">
      <UniqueIdentifier>{7b6554ac-a389-4489-97b8-aee0f333b130}</UniqueIdentifier>
    </Filter>
  </ItemGroup>
</Project>