<?xml version="1.0" encoding="utf-8"?>
<Project ToolsVersion="4.0" xmlns="http://schemas.microsoft.com/developer/msbuild/2003">
  <ItemGroup>
    <Filter Include="Source Files">
      <UniqueIdentifier>{4FC737F1-C7A5-4376-A066-2A32D752A2FF}</UniqueIdentifier>
      <Extensions>cpp;c;cc;cxx;def;odl;idl;hpj;bat;asm;asmx</Extensions>
    </Filter>
    <Filter Include="Header Files">
      <UniqueIdentifier>{93995380-89BD-4b04-88EB-625FBE52EBFB}</UniqueIdentifier>
      <Extensions>h;hh;hpp;hxx;hm;inl;inc;xsd</Extensions>
    </Filter>
    <Filter Include="Resource Files">
      <UniqueIdentifier>{67DA6AB6-F800-4c08-8B7A-83BB121AAD01}</UniqueIdentifier>
      <Extensions>rc;ico;cur;bmp;dlg;rc2;rct;bin;rgs;gif;jpg;jpeg;jpe;resx;tiff;tif;png;wav;mfcribbon-ms</Extensions>
    </Filter>
    <Filter Include="Header Files\MSVC">
      <UniqueIdentifier>{d14bf040-4f3e-4535-80a4-5fb0ccf167c5}</UniqueIdentifier>
    </Filter>
    <Filter Include="Source Files\contrib">
      <UniqueIdentifier>{8a9e0782-2347-4780-bc6c-0c3235801faa}</UniqueIdentifier>
    </Filter>
    <Filter Include="Source Files\contrib\gdm2s3m">
      <UniqueIdentifier>{cfd89b63-1e51-451d-b0a2-94ac57152826}</UniqueIdentifier>
    </Filter>
    <Filter Include="Source Files\contrib\libxmp">
      <UniqueIdentifier>{107eb3a2-bd41-481c-a305-4f34cfaca719}</UniqueIdentifier>
    </Filter>
    <Filter Include="Source Files\contrib\libxmp\loaders">
      <UniqueIdentifier>{05fc379c-d617-4ea0-ad3f-444ccf74fba8}</UniqueIdentifier>
    </Filter>
    <Filter Include="Header Files\contrib">
      <UniqueIdentifier>{c590945c-346c-429f-8553-b432ae68e7b7}</UniqueIdentifier>
    </Filter>
    <Filter Include="Header Files\contrib\gdm2s3m">
      <UniqueIdentifier>{6f918c8b-e2c0-4be0-8b34-53d061c7d5df}</UniqueIdentifier>
    </Filter>
    <Filter Include="Header Files\contrib\libxmp">
      <UniqueIdentifier>{38d84df2-712f-43ad-bc11-fa34314f80d3}</UniqueIdentifier>
    </Filter>
    <Filter Include="Header Files\contrib\libxmp\loaders">
      <UniqueIdentifier>{0d372dc8-2fe5-4af1-87a0-7bdb6ea3b8b8}</UniqueIdentifier>
    </Filter>
    <Filter Include="Header Files\contrib\libxmp\win32">
      <UniqueIdentifier>{526cc8dd-11ed-4a21-8442-97a5e0f30d3a}</UniqueIdentifier>
    </Filter>
    <Filter Include="Source Files\MSVC">
      <UniqueIdentifier>{36c07643-1016-4818-9590-bdcb3f5f7813}</UniqueIdentifier>
    </Filter>
  </ItemGroup>
  <ItemGroup>
    <ClCompile Include="..\..\src\block.c">
      <Filter>Source Files</Filter>
    </ClCompile>
    <ClCompile Include="..\..\src\board.c">
      <Filter>Source Files</Filter>
    </ClCompile>
    <ClCompile Include="..\..\src\configure.c">
      <Filter>Source Files</Filter>
    </ClCompile>
    <ClCompile Include="..\..\src\counter.c">
      <Filter>Source Files</Filter>
    </ClCompile>
    <ClCompile Include="..\..\src\data.c">
      <Filter>Source Files</Filter>
    </ClCompile>
    <ClCompile Include="..\..\src\error.c">
      <Filter>Source Files</Filter>
    </ClCompile>
    <ClCompile Include="..\..\src\event.c">
      <Filter>Source Files</Filter>
    </ClCompile>
    <ClCompile Include="..\..\src\expr.c">
      <Filter>Source Files</Filter>
    </ClCompile>
    <ClCompile Include="..\..\src\fsafeopen.c">
      <Filter>Source Files</Filter>
    </ClCompile>
    <ClCompile Include="..\..\src\game.c">
      <Filter>Source Files</Filter>
    </ClCompile>
    <ClCompile Include="..\..\src\graphics.c">
      <Filter>Source Files</Filter>
    </ClCompile>
    <ClCompile Include="..\..\src\idarray.c">
      <Filter>Source Files</Filter>
    </ClCompile>
    <ClCompile Include="..\..\src\idput.c">
      <Filter>Source Files</Filter>
    </ClCompile>
    <ClCompile Include="..\..\src\intake.c">
      <Filter>Source Files</Filter>
    </ClCompile>
    <ClCompile Include="..\..\src\legacy_board.c">
      <Filter>Source Files</Filter>
    </ClCompile>
    <ClCompile Include="..\..\src\legacy_rasm.c">
      <Filter>Source Files</Filter>
    </ClCompile>
    <ClCompile Include="..\..\src\legacy_robot.c">
      <Filter>Source Files</Filter>
    </ClCompile>
    <ClCompile Include="..\..\src\legacy_world.c">
      <Filter>Source Files</Filter>
    </ClCompile>
    <ClCompile Include="..\..\src\mzm.c">
      <Filter>Source Files</Filter>
    </ClCompile>
    <ClCompile Include="..\..\src\render.c">
      <Filter>Source Files</Filter>
    </ClCompile>
    <ClCompile Include="..\..\src\render_layer.c">
      <Filter>Source Files</Filter>
    </ClCompile>
    <ClCompile Include="..\..\src\robot.c">
      <Filter>Source Files</Filter>
    </ClCompile>
    <ClCompile Include="..\..\src\run_robot.c">
      <Filter>Source Files</Filter>
    </ClCompile>
    <ClCompile Include="..\..\src\scrdisp.c">
      <Filter>Source Files</Filter>
    </ClCompile>
    <ClCompile Include="..\..\src\sprite.c">
      <Filter>Source Files</Filter>
    </ClCompile>
    <ClCompile Include="..\..\src\str.c">
      <Filter>Source Files</Filter>
    </ClCompile>
    <ClCompile Include="..\..\src\util.c">
      <Filter>Source Files</Filter>
    </ClCompile>
    <ClCompile Include="..\..\src\window.c">
      <Filter>Source Files</Filter>
    </ClCompile>
    <ClCompile Include="..\..\src\world.c">
      <Filter>Source Files</Filter>
    </ClCompile>
    <ClCompile Include="..\..\src\zip.c">
      <Filter>Source Files</Filter>
    </ClCompile>
    <ClCompile Include="..\..\contrib\libxmp\src\loaders\669_load.c">
      <Filter>Source Files\contrib\libxmp\loaders</Filter>
    </ClCompile>
    <ClCompile Include="..\..\contrib\libxmp\src\loaders\amf_load.c">
      <Filter>Source Files\contrib\libxmp\loaders</Filter>
    </ClCompile>
    <ClCompile Include="..\..\contrib\libxmp\src\loaders\asif.c">
      <Filter>Source Files\contrib\libxmp\loaders</Filter>
    </ClCompile>
    <ClCompile Include="..\..\contrib\libxmp\src\loaders\asylum_load.c">
      <Filter>Source Files\contrib\libxmp\loaders</Filter>
    </ClCompile>
    <ClCompile Include="..\..\contrib\libxmp\src\loaders\common.c">
      <Filter>Source Files\contrib\libxmp\loaders</Filter>
    </ClCompile>
    <ClCompile Include="..\..\contrib\libxmp\src\loaders\far_load.c">
      <Filter>Source Files\contrib\libxmp\loaders</Filter>
    </ClCompile>
    <ClCompile Include="..\..\contrib\libxmp\src\loaders\gdm_load.c">
      <Filter>Source Files\contrib\libxmp\loaders</Filter>
    </ClCompile>
    <ClCompile Include="..\..\contrib\libxmp\src\loaders\iff.c">
      <Filter>Source Files\contrib\libxmp\loaders</Filter>
    </ClCompile>
    <ClCompile Include="..\..\contrib\libxmp\src\loaders\it_load.c">
      <Filter>Source Files\contrib\libxmp\loaders</Filter>
    </ClCompile>
    <ClCompile Include="..\..\contrib\libxmp\src\loaders\itsex.c">
      <Filter>Source Files\contrib\libxmp\loaders</Filter>
    </ClCompile>
    <ClCompile Include="..\..\contrib\libxmp\src\loaders\med2_load.c">
      <Filter>Source Files\contrib\libxmp\loaders</Filter>
    </ClCompile>
    <ClCompile Include="..\..\contrib\libxmp\src\loaders\med3_load.c">
      <Filter>Source Files\contrib\libxmp\loaders</Filter>
    </ClCompile>
    <ClCompile Include="..\..\contrib\libxmp\src\loaders\med4_load.c">
      <Filter>Source Files\contrib\libxmp\loaders</Filter>
    </ClCompile>
    <ClCompile Include="..\..\contrib\libxmp\src\loaders\mmd_common.c">
      <Filter>Source Files\contrib\libxmp\loaders</Filter>
    </ClCompile>
    <ClCompile Include="..\..\contrib\libxmp\src\loaders\mmd1_load.c">
      <Filter>Source Files\contrib\libxmp\loaders</Filter>
    </ClCompile>
    <ClCompile Include="..\..\contrib\libxmp\src\loaders\mmd3_load.c">
      <Filter>Source Files\contrib\libxmp\loaders</Filter>
    </ClCompile>
    <ClCompile Include="..\..\contrib\libxmp\src\loaders\mod_load.c">
      <Filter>Source Files\contrib\libxmp\loaders</Filter>
    </ClCompile>
    <ClCompile Include="..\..\contrib\libxmp\src\loaders\mtm_load.c">
      <Filter>Source Files\contrib\libxmp\loaders</Filter>
    </ClCompile>
    <ClCompile Include="..\..\contrib\libxmp\src\loaders\okt_load.c">
      <Filter>Source Files\contrib\libxmp\loaders</Filter>
    </ClCompile>
    <ClCompile Include="..\..\contrib\libxmp\src\loaders\s3m_load.c">
      <Filter>Source Files\contrib\libxmp\loaders</Filter>
    </ClCompile>
    <ClCompile Include="..\..\contrib\libxmp\src\loaders\sample.c">
      <Filter>Source Files\contrib\libxmp\loaders</Filter>
    </ClCompile>
    <ClCompile Include="..\..\contrib\libxmp\src\loaders\stm_load.c">
      <Filter>Source Files\contrib\libxmp\loaders</Filter>
    </ClCompile>
    <ClCompile Include="..\..\contrib\libxmp\src\loaders\ult_load.c">
      <Filter>Source Files\contrib\libxmp\loaders</Filter>
    </ClCompile>
    <ClCompile Include="..\..\contrib\libxmp\src\loaders\voltable.c">
      <Filter>Source Files\contrib\libxmp\loaders</Filter>
    </ClCompile>
    <ClCompile Include="..\..\contrib\libxmp\src\loaders\xm_load.c">
      <Filter>Source Files\contrib\libxmp\loaders</Filter>
    </ClCompile>
    <ClCompile Include="..\..\contrib\libxmp\src\control.c">
      <Filter>Source Files\contrib\libxmp</Filter>
    </ClCompile>
    <ClCompile Include="..\..\contrib\libxmp\src\dataio.c">
      <Filter>Source Files\contrib\libxmp</Filter>
    </ClCompile>
    <ClCompile Include="..\..\contrib\libxmp\src\effects.c">
      <Filter>Source Files\contrib\libxmp</Filter>
    </ClCompile>
    <ClCompile Include="..\..\contrib\libxmp\src\extras.c">
      <Filter>Source Files\contrib\libxmp</Filter>
    </ClCompile>
    <ClCompile Include="..\..\contrib\libxmp\src\filter.c">
      <Filter>Source Files\contrib\libxmp</Filter>
    </ClCompile>
    <ClCompile Include="..\..\contrib\libxmp\src\fnmatch.c">
      <Filter>Source Files\contrib\libxmp</Filter>
    </ClCompile>
    <ClCompile Include="..\..\contrib\libxmp\src\format.c">
      <Filter>Source Files\contrib\libxmp</Filter>
    </ClCompile>
    <ClCompile Include="..\..\contrib\libxmp\src\hio.c">
      <Filter>Source Files\contrib\libxmp</Filter>
    </ClCompile>
    <ClCompile Include="..\..\contrib\libxmp\src\hmn_extras.c">
      <Filter>Source Files\contrib\libxmp</Filter>
    </ClCompile>
    <ClCompile Include="..\..\contrib\libxmp\src\lfo.c">
      <Filter>Source Files\contrib\libxmp</Filter>
    </ClCompile>
    <ClCompile Include="..\..\contrib\libxmp\src\load.c">
      <Filter>Source Files\contrib\libxmp</Filter>
    </ClCompile>
    <ClCompile Include="..\..\contrib\libxmp\src\load_helpers.c">
      <Filter>Source Files\contrib\libxmp</Filter>
    </ClCompile>
    <ClCompile Include="..\..\contrib\libxmp\src\md5.c">
      <Filter>Source Files\contrib\libxmp</Filter>
    </ClCompile>
    <ClCompile Include="..\..\contrib\libxmp\src\med_extras.c">
      <Filter>Source Files\contrib\libxmp</Filter>
    </ClCompile>
    <ClCompile Include="..\..\contrib\libxmp\src\memio.c">
      <Filter>Source Files\contrib\libxmp</Filter>
    </ClCompile>
    <ClCompile Include="..\..\contrib\libxmp\src\mix_all.c">
      <Filter>Source Files\contrib\libxmp</Filter>
    </ClCompile>
    <ClCompile Include="..\..\contrib\libxmp\src\mix_paula.c">
      <Filter>Source Files\contrib\libxmp</Filter>
    </ClCompile>
    <ClCompile Include="..\..\contrib\libxmp\src\mixer.c">
      <Filter>Source Files\contrib\libxmp</Filter>
    </ClCompile>
    <ClCompile Include="..\..\contrib\libxmp\src\period.c">
      <Filter>Source Files\contrib\libxmp</Filter>
    </ClCompile>
    <ClCompile Include="..\..\contrib\libxmp\src\player.c">
      <Filter>Source Files\contrib\libxmp</Filter>
    </ClCompile>
    <ClCompile Include="..\..\contrib\libxmp\src\read_event.c">
      <Filter>Source Files\contrib\libxmp</Filter>
    </ClCompile>
    <ClCompile Include="..\..\contrib\libxmp\src\scan.c">
      <Filter>Source Files\contrib\libxmp</Filter>
    </ClCompile>
    <ClCompile Include="..\..\contrib\libxmp\src\smix.c">
      <Filter>Source Files\contrib\libxmp</Filter>
    </ClCompile>
    <ClCompile Include="..\..\contrib\libxmp\src\virtual.c">
      <Filter>Source Files\contrib\libxmp</Filter>
    </ClCompile>
    <ClCompile Include="..\..\contrib\gdm2s3m\src\error.c">
      <Filter>Source Files\contrib\gdm2s3m</Filter>
    </ClCompile>
    <ClCompile Include="..\..\contrib\gdm2s3m\src\gdm.c">
      <Filter>Source Files\contrib\gdm2s3m</Filter>
    </ClCompile>
    <ClCompile Include="..\..\contrib\gdm2s3m\src\gdm2s3m.c">
      <Filter>Source Files\contrib\gdm2s3m</Filter>
    </ClCompile>
    <ClCompile Include="..\..\contrib\gdm2s3m\src\s3m.c">
      <Filter>Source Files\contrib\gdm2s3m</Filter>
    </ClCompile>
    <ClCompile Include="..\..\contrib\gdm2s3m\src\utility.c">
      <Filter>Source Files\contrib\gdm2s3m</Filter>
    </ClCompile>
    <ClCompile Include="..\..\src\platform_sdl.c">
      <Filter>Source Files</Filter>
    </ClCompile>
    <ClCompile Include="..\..\src\event_sdl.c">
      <Filter>Source Files</Filter>
    </ClCompile>
    <ClCompile Include="..\..\src\render_sdl.c">
      <Filter>Source Files</Filter>
    </ClCompile>
    <ClCompile Include="..\..\src\render_gl.c">
      <Filter>Source Files</Filter>
    </ClCompile>
    <ClCompile Include="..\..\src\render_gl1.c">
      <Filter>Source Files</Filter>
    </ClCompile>
    <ClCompile Include="..\..\src\render_gl2.c">
      <Filter>Source Files</Filter>
    </ClCompile>
    <ClCompile Include="..\..\src\render_glsl.c">
      <Filter>Source Files</Filter>
    </ClCompile>
    <ClCompile Include="..\..\src\render_soft.c">
      <Filter>Source Files</Filter>
    </ClCompile>
    <ClCompile Include="..\..\src\helpsys.c">
      <Filter>Source Files</Filter>
    </ClCompile>
    <ClCompile Include="..\..\src\pngops.c">
      <Filter>Source Files</Filter>
    </ClCompile>
    <ClCompile Include="..\..\contrib\libxmp\src\loaders\flt_load.c">
      <Filter>Source Files\contrib\libxmp\loaders</Filter>
    </ClCompile>
    <ClCompile Include="..\..\contrib\libxmp\src\loaders\hmn_load.c">
      <Filter>Source Files\contrib\libxmp\loaders</Filter>
    </ClCompile>
    <ClCompile Include="..\..\contrib\libxmp\src\loaders\st_load.c">
      <Filter>Source Files\contrib\libxmp\loaders</Filter>
    </ClCompile>
    <ClCompile Include="..\..\src\audio\audio.c">
      <Filter>Source Files</Filter>
    </ClCompile>
    <ClCompile Include="..\..\src\audio\audio_pcs.c">
      <Filter>Source Files</Filter>
    </ClCompile>
    <ClCompile Include="..\..\src\audio\audio_sdl.c">
      <Filter>Source Files</Filter>
    </ClCompile>
    <ClCompile Include="..\..\src\audio\audio_vorbis.c">
      <Filter>Source Files</Filter>
    </ClCompile>
    <ClCompile Include="..\..\src\audio\audio_wav.c">
      <Filter>Source Files</Filter>
    </ClCompile>
    <ClCompile Include="..\..\src\audio\audio_xmp.c">
      <Filter>Source Files</Filter>
    </ClCompile>
    <ClCompile Include="..\..\src\audio\ext.c">
      <Filter>Source Files</Filter>
    </ClCompile>
    <ClCompile Include="..\..\src\audio\sampled_stream.c">
      <Filter>Source Files</Filter>
    </ClCompile>
    <ClCompile Include="..\..\src\audio\sfx.c">
      <Filter>Source Files</Filter>
    </ClCompile>
    <ClCompile Include="..\..\src\game_menu.c">
      <Filter>Source Files</Filter>
    </ClCompile>
    <ClCompile Include="..\..\src\game_ops.c">
      <Filter>Source Files</Filter>
    </ClCompile>
    <ClCompile Include="..\..\src\game_player.c">
      <Filter>Source Files</Filter>
    </ClCompile>
    <ClCompile Include="..\..\src\game_update.c">
      <Filter>Source Files</Filter>
    </ClCompile>
    <ClCompile Include="..\..\src\game_update_board.c">
      <Filter>Source Files</Filter>
    </ClCompile>
    <ClCompile Include="..\..\src\caption.c">
      <Filter>Source Files</Filter>
    </ClCompile>
    <ClCompile Include="..\..\src\settings.c">
      <Filter>Source Files</Filter>
    </ClCompile>
    <ClCompile Include="..\..\src\core.c">
      <Filter>Source Files</Filter>
    </ClCompile>
    <ClCompile Include="..\..\src\intake_num.c">
      <Filter>Source Files</Filter>
    </ClCompile>
    <ClCompile Include="..\..\src\render_softscale.c">
      <Filter>Source Files</Filter>
    </ClCompile>
    <ClCompile Include="win32time.c">
      <Filter>Source Files\MSVC</Filter>
    </ClCompile>
    <ClCompile Include="..\..\src\audio\audio_reality.cpp">
      <Filter>Source Files</Filter>
    </ClCompile>
    <ClCompile Include="..\..\src\vfs.c">
      <Filter>Source Files</Filter>
    </ClCompile>
  </ItemGroup>
  <ItemGroup>
    <ClInclude Include="..\..\src\block.h">
      <Filter>Header Files</Filter>
    </ClInclude>
    <ClInclude Include="..\..\src\board.h">
      <Filter>Header Files</Filter>
    </ClInclude>
    <ClInclude Include="..\..\src\configure.h">
      <Filter>Header Files</Filter>
    </ClInclude>
    <ClInclude Include="..\..\src\counter.h">
      <Filter>Header Files</Filter>
    </ClInclude>
    <ClInclude Include="..\..\src\data.h">
      <Filter>Header Files</Filter>
    </ClInclude>
    <ClInclude Include="..\..\src\error.h">
      <Filter>Header Files</Filter>
    </ClInclude>
    <ClInclude Include="..\..\src\event.h">
      <Filter>Header Files</Filter>
    </ClInclude>
    <ClInclude Include="..\..\src\expr.h">
      <Filter>Header Files</Filter>
    </ClInclude>
    <ClInclude Include="..\..\src\fsafeopen.h">
      <Filter>Header Files</Filter>
    </ClInclude>
    <ClInclude Include="..\..\src\game.h">
      <Filter>Header Files</Filter>
    </ClInclude>
    <ClInclude Include="..\..\src\graphics.h">
      <Filter>Header Files</Filter>
    </ClInclude>
    <ClInclude Include="..\..\src\idarray.h">
      <Filter>Header Files</Filter>
    </ClInclude>
    <ClInclude Include="..\..\src\idput.h">
      <Filter>Header Files</Filter>
    </ClInclude>
    <ClInclude Include="..\..\src\intake.h">
      <Filter>Header Files</Filter>
    </ClInclude>
    <ClInclude Include="..\..\src\legacy_board.h">
      <Filter>Header Files</Filter>
    </ClInclude>
    <ClInclude Include="..\..\src\legacy_rasm.h">
      <Filter>Header Files</Filter>
    </ClInclude>
    <ClInclude Include="..\..\src\legacy_robot.h">
      <Filter>Header Files</Filter>
    </ClInclude>
    <ClInclude Include="..\..\src\legacy_world.h">
      <Filter>Header Files</Filter>
    </ClInclude>
    <ClInclude Include="..\..\src\mzm.h">
      <Filter>Header Files</Filter>
    </ClInclude>
    <ClInclude Include="..\..\src\render.h">
      <Filter>Header Files</Filter>
    </ClInclude>
    <ClInclude Include="..\..\src\render_layer.h">
      <Filter>Header Files</Filter>
    </ClInclude>
    <ClInclude Include="..\..\src\robot.h">
      <Filter>Header Files</Filter>
    </ClInclude>
    <ClInclude Include="..\..\src\scrdisp.h">
      <Filter>Header Files</Filter>
    </ClInclude>
    <ClInclude Include="..\..\src\sprite.h">
      <Filter>Header Files</Filter>
    </ClInclude>
    <ClInclude Include="..\..\src\str.h">
      <Filter>Header Files</Filter>
    </ClInclude>
    <ClInclude Include="..\..\src\util.h">
      <Filter>Header Files</Filter>
    </ClInclude>
    <ClInclude Include="..\..\src\window.h">
      <Filter>Header Files</Filter>
    </ClInclude>
    <ClInclude Include="..\..\src\world.h">
      <Filter>Header Files</Filter>
    </ClInclude>
    <ClInclude Include="..\..\src\zip.h">
      <Filter>Header Files</Filter>
    </ClInclude>
    <ClInclude Include="config.h">
      <Filter>Header Files\MSVC</Filter>
    </ClInclude>
    <ClInclude Include="dirent.h">
      <Filter>Header Files\MSVC</Filter>
    </ClInclude>
    <ClInclude Include="msvc.h">
      <Filter>Header Files\MSVC</Filter>
    </ClInclude>
    <ClInclude Include="..\..\contrib\libxmp\src\common.h">
      <Filter>Header Files\contrib\libxmp</Filter>
    </ClInclude>
    <ClInclude Include="..\..\contrib\libxmp\src\effects.h">
      <Filter>Header Files\contrib\libxmp</Filter>
    </ClInclude>
    <ClInclude Include="..\..\contrib\libxmp\src\extras.h">
      <Filter>Header Files\contrib\libxmp</Filter>
    </ClInclude>
    <ClInclude Include="..\..\contrib\libxmp\src\fnmatch.h">
      <Filter>Header Files\contrib\libxmp</Filter>
    </ClInclude>
    <ClInclude Include="..\..\contrib\libxmp\src\format.h">
      <Filter>Header Files\contrib\libxmp</Filter>
    </ClInclude>
    <ClInclude Include="..\..\contrib\libxmp\src\hio.h">
      <Filter>Header Files\contrib\libxmp</Filter>
    </ClInclude>
    <ClInclude Include="..\..\contrib\libxmp\src\hmn_extras.h">
      <Filter>Header Files\contrib\libxmp</Filter>
    </ClInclude>
    <ClInclude Include="..\..\contrib\libxmp\src\lfo.h">
      <Filter>Header Files\contrib\libxmp</Filter>
    </ClInclude>
    <ClInclude Include="..\..\contrib\libxmp\src\list.h">
      <Filter>Header Files\contrib\libxmp</Filter>
    </ClInclude>
    <ClInclude Include="..\..\contrib\libxmp\src\md5.h">
      <Filter>Header Files\contrib\libxmp</Filter>
    </ClInclude>
    <ClInclude Include="..\..\contrib\libxmp\src\mdataio.h">
      <Filter>Header Files\contrib\libxmp</Filter>
    </ClInclude>
    <ClInclude Include="..\..\contrib\libxmp\src\med_extras.h">
      <Filter>Header Files\contrib\libxmp</Filter>
    </ClInclude>
    <ClInclude Include="..\..\contrib\libxmp\src\memio.h">
      <Filter>Header Files\contrib\libxmp</Filter>
    </ClInclude>
    <ClInclude Include="..\..\contrib\libxmp\src\mixer.h">
      <Filter>Header Files\contrib\libxmp</Filter>
    </ClInclude>
    <ClInclude Include="..\..\contrib\libxmp\src\paula.h">
      <Filter>Header Files\contrib\libxmp</Filter>
    </ClInclude>
    <ClInclude Include="..\..\contrib\libxmp\src\period.h">
      <Filter>Header Files\contrib\libxmp</Filter>
    </ClInclude>
    <ClInclude Include="..\..\contrib\libxmp\src\player.h">
      <Filter>Header Files\contrib\libxmp</Filter>
    </ClInclude>
    <ClInclude Include="..\..\contrib\libxmp\src\precomp_blep.h">
      <Filter>Header Files\contrib\libxmp</Filter>
    </ClInclude>
    <ClInclude Include="..\..\contrib\libxmp\src\precomp_lut.h">
      <Filter>Header Files\contrib\libxmp</Filter>
    </ClInclude>
    <ClInclude Include="..\..\contrib\libxmp\src\virtual.h">
      <Filter>Header Files\contrib\libxmp</Filter>
    </ClInclude>
    <ClInclude Include="..\..\contrib\libxmp\src\loaders\asif.h">
      <Filter>Header Files\contrib\libxmp\loaders</Filter>
    </ClInclude>
    <ClInclude Include="..\..\contrib\libxmp\src\loaders\iff.h">
      <Filter>Header Files\contrib\libxmp\loaders</Filter>
    </ClInclude>
    <ClInclude Include="..\..\contrib\libxmp\src\loaders\it.h">
      <Filter>Header Files\contrib\libxmp\loaders</Filter>
    </ClInclude>
    <ClInclude Include="..\..\contrib\libxmp\src\loaders\loader.h">
      <Filter>Header Files\contrib\libxmp\loaders</Filter>
    </ClInclude>
    <ClInclude Include="..\..\contrib\libxmp\src\loaders\med.h">
      <Filter>Header Files\contrib\libxmp\loaders</Filter>
    </ClInclude>
    <ClInclude Include="..\..\contrib\libxmp\src\loaders\mod.h">
      <Filter>Header Files\contrib\libxmp\loaders</Filter>
    </ClInclude>
    <ClInclude Include="..\..\contrib\libxmp\src\loaders\s3m.h">
      <Filter>Header Files\contrib\libxmp\loaders</Filter>
    </ClInclude>
    <ClInclude Include="..\..\contrib\libxmp\src\loaders\xm.h">
      <Filter>Header Files\contrib\libxmp\loaders</Filter>
    </ClInclude>
    <ClInclude Include="..\..\contrib\libxmp\src\win32\osdcomm.h">
      <Filter>Header Files\contrib\libxmp\win32</Filter>
    </ClInclude>
    <ClInclude Include="..\..\contrib\libxmp\src\win32\ptpopen.h">
      <Filter>Header Files\contrib\libxmp\win32</Filter>
    </ClInclude>
    <ClInclude Include="..\..\contrib\libxmp\src\win32\unistd.h">
      <Filter>Header Files\contrib\libxmp\win32</Filter>
    </ClInclude>
    <ClInclude Include="..\..\contrib\gdm2s3m\src\error.h">
      <Filter>Header Files\contrib\gdm2s3m</Filter>
    </ClInclude>
    <ClInclude Include="..\..\contrib\gdm2s3m\src\gdm.h">
      <Filter>Header Files\contrib\gdm2s3m</Filter>
    </ClInclude>
    <ClInclude Include="..\..\contrib\gdm2s3m\src\gdm2s3m.h">
      <Filter>Header Files\contrib\gdm2s3m</Filter>
    </ClInclude>
    <ClInclude Include="..\..\contrib\gdm2s3m\src\s3m.h">
      <Filter>Header Files\contrib\gdm2s3m</Filter>
    </ClInclude>
    <ClInclude Include="..\..\contrib\gdm2s3m\src\types.h">
      <Filter>Header Files\contrib\gdm2s3m</Filter>
    </ClInclude>
    <ClInclude Include="..\..\contrib\gdm2s3m\src\utility.h">
      <Filter>Header Files\contrib\gdm2s3m</Filter>
    </ClInclude>
    <ClInclude Include="..\..\src\render_sdl.h">
      <Filter>Header Files</Filter>
    </ClInclude>
    <ClInclude Include="..\..\src\compat.h">
      <Filter>Header Files</Filter>
    </ClInclude>
    <ClInclude Include="..\..\src\render_gl.h">
      <Filter>Header Files</Filter>
    </ClInclude>
    <ClInclude Include="..\..\src\helpsys.h">
      <Filter>Header Files</Filter>
    </ClInclude>
    <ClInclude Include="..\..\src\pngops.h">
      <Filter>Header Files</Filter>
    </ClInclude>
    <ClInclude Include="..\..\src\const.h">
      <Filter>Header Files</Filter>
    </ClInclude>
    <ClInclude Include="..\..\src\keysym.h">
      <Filter>Header Files</Filter>
    </ClInclude>
    <ClInclude Include="..\..\src\platform.h">
      <Filter>Header Files</Filter>
    </ClInclude>
    <ClInclude Include="..\..\src\platform_endian.h">
      <Filter>Header Files</Filter>
    </ClInclude>
    <ClInclude Include="..\..\src\renderers.h">
      <Filter>Header Files</Filter>
    </ClInclude>
    <ClInclude Include="..\..\src\robot_struct.h">
      <Filter>Header Files</Filter>
    </ClInclude>
    <ClInclude Include="..\..\src\sprite_struct.h">
      <Filter>Header Files</Filter>
    </ClInclude>
    <ClInclude Include="..\..\src\world_struct.h">
      <Filter>Header Files</Filter>
    </ClInclude>
    <ClInclude Include="..\..\src\audio\audio.h">
      <Filter>Header Files</Filter>
    </ClInclude>
    <ClInclude Include="..\..\src\audio\audio_pcs.h">
      <Filter>Header Files</Filter>
    </ClInclude>
    <ClInclude Include="..\..\src\audio\audio_vorbis.h">
      <Filter>Header Files</Filter>
    </ClInclude>
    <ClInclude Include="..\..\src\audio\audio_wav.h">
      <Filter>Header Files</Filter>
    </ClInclude>
    <ClInclude Include="..\..\src\audio\audio_xmp.h">
      <Filter>Header Files</Filter>
    </ClInclude>
    <ClInclude Include="..\..\src\audio\ext.h">
      <Filter>Header Files</Filter>
    </ClInclude>
    <ClInclude Include="..\..\src\audio\sampled_stream.h">
      <Filter>Header Files</Filter>
    </ClInclude>
    <ClInclude Include="..\..\src\audio\sfx.h">
      <Filter>Header Files</Filter>
    </ClInclude>
    <ClInclude Include="..\..\src\caption.h">
      <Filter>Header Files</Filter>
    </ClInclude>
    <ClInclude Include="..\..\src\core.h">
      <Filter>Header Files</Filter>
    </ClInclude>
    <ClInclude Include="..\..\src\game_menu.h">
      <Filter>Header Files</Filter>
    </ClInclude>
    <ClInclude Include="..\..\src\game_ops.h">
      <Filter>Header Files</Filter>
    </ClInclude>
    <ClInclude Include="..\..\src\game_player.h">
      <Filter>Header Files</Filter>
    </ClInclude>
    <ClInclude Include="..\..\src\game_update.h">
      <Filter>Header Files</Filter>
    </ClInclude>
    <ClInclude Include="..\..\src\intake_num.h">
      <Filter>Header Files</Filter>
    </ClInclude>
    <ClInclude Include="..\..\src\settings.h">
      <Filter>Header Files</Filter>
    </ClInclude>
    <ClInclude Include="win32time.h">
      <Filter>Header Files\MSVC</Filter>
    </ClInclude>
    <ClInclude Include="..\..\src\audio\audio_reality.h">
      <Filter>Header Files</Filter>
    </ClInclude>
    <ClInclude Include="..\..\src\vfs.h">
      <Filter>Header Files</Filter>
    </ClInclude>
  </ItemGroup>
</Project>