
Microsoft Visual Studio Solution File, Format Version 12.00
# Visual Studio 15
VisualStudioVersion = 15.0.27130.2010
MinimumVisualStudioVersion = 10.0.40219.1
Project("{8BC9CEB8-8B4A-11D0-8D11-00A0C91BC942}") = "MegaZeux", "MegaZeux.vcxproj", "{0280F856-7B8D-4574-B842-3F4B9D6A541D}"
	ProjectSection(ProjectDependencies) = postProject
		{48961A1D-DC1C-4714-93DA-C1E185E4DAAE} = {48961A1D-DC1C-4714-93DA-C1E185E4DAAE}
		{F706F6E6-15C4-4748-B478-59105CD1189F} = {F706F6E6-15C4-4748-B478-59105CD1189F}
	EndProjectSection
EndProject
Project("{8BC9CEB8-8B4A-11D0-8D11-00A0C91BC942}") = "MZXRun", "MZXRun.vcxproj", "{D7A26D85-6ADE-4B05-9909-5B8DF338E578}"
	ProjectSection(ProjectDependencies) = postProject
		{48961A1D-DC1C-4714-93DA-C1E185E4DAAE} = {48961A1D-DC1C-4714-93DA-C1E185E4DAAE}
	EndProjectSection
EndProject
Project("{8BC9CEB8-8B4A-11D0-8D11-00A0C91BC942}") = "Core", "Core.vcxproj", "{48961A1D-DC1C-4714-93DA-C1E185E4DAAE}"
EndProject
Project("{8BC9CEB8-8B4A-11D0-8D11-00A0C91BC942}") = "Editor", "Editor.vcxproj", "{F706F6E6-15C4-4748-B478-59105CD1189F}"
	ProjectSection(ProjectDependencies) = postProject
		{48961A1D-DC1C-4714-93DA-C1E185E4DAAE} = {48961A1D-DC1C-4714-93DA-C1E185E4DAAE}
	EndProjectSection
EndProject
Global
	GlobalSection(SolutionConfigurationPlatforms) = preSolution
		Debug|x64 = Debug|x64
		Debug|x86 = Debug|x86
		Release|x64 = Release|x64
		Release|x86 = Release|x86
	EndGlobalSection
	GlobalSection(ProjectConfigurationPlatforms) = postSolution
		{0280F856-7B8D-4574-B842-3F4B9D6A541D}.Debug|x64.ActiveCfg = Debug|x64
		{0280F856-7B8D-4574-B842-3F4B9D6A541D}.Debug|x64.Build.0 = Debug|x64
		{0280F856-7B8D-4574-B842-3F4B9D6A541D}.Debug|x86.ActiveCfg = Debug|Win32
		{0280F856-7B8D-4574-B842-3F4B9D6A541D}.Debug|x86.Build.0 = Debug|Win32
		{0280F856-7B8D-4574-B842-3F4B9D6A541D}.Release|x64.ActiveCfg = Release|x64
		{0280F856-7B8D-4574-B842-3F4B9D6A541D}.Release|x64.Build.0 = Release|x64
		{0280F856-7B8D-4574-B842-3F4B9D6A541D}.Release|x86.ActiveCfg = Release|Win32
		{0280F856-7B8D-4574-B842-3F4B9D6A541D}.Release|x86.Build.0 = Release|Win32
		{D7A26D85-6ADE-4B05-9909-5B8DF338E578}.Debug|x64.ActiveCfg = Debug|x64
		{D7A26D85-6ADE-4B05-9909-5B8DF338E578}.Debug|x64.Build.0 = Debug|x64
		{D7A26D85-6ADE-4B05-9909-5B8DF338E578}.Debug|x86.ActiveCfg = Debug|Win32
		{D7A26D85-6ADE-4B05-9909-5B8DF338E578}.Debug|x86.Build.0 = Debug|Win32
		{D7A26D85-6ADE-4B05-9909-5B8DF338E578}.Release|x64.ActiveCfg = Release|x64
		{D7A26D85-6ADE-4B05-9909-5B8DF338E578}.Release|x64.Build.0 = Release|x64
		{D7A26D85-6ADE-4B05-9909-5B8DF338E578}.Release|x86.ActiveCfg = Release|Win32
		{D7A26D85-6ADE-4B05-9909-5B8DF338E578}.Release|x86.Build.0 = Release|Win32
		{48961A1D-DC1C-4714-93DA-C1E185E4DAAE}.Debug|x64.ActiveCfg = Debug|x64
		{48961A1D-DC1C-4714-93DA-C1E185E4DAAE}.Debug|x64.Build.0 = Debug|x64
		{48961A1D-DC1C-4714-93DA-C1E185E4DAAE}.Debug|x86.ActiveCfg = Debug|Win32
		{48961A1D-DC1C-4714-93DA-C1E185E4DAAE}.Debug|x86.Build.0 = Debug|Win32
		{48961A1D-DC1C-4714-93DA-C1E185E4DAAE}.Release|x64.ActiveCfg = Release|x64
		{48961A1D-DC1C-4714-93DA-C1E185E4DAAE}.Release|x64.Build.0 = Release|x64
		{48961A1D-DC1C-4714-93DA-C1E185E4DAAE}.Release|x86.ActiveCfg = Release|Win32
		{48961A1D-DC1C-4714-93DA-C1E185E4DAAE}.Release|x86.Build.0 = Release|Win32
		{F706F6E6-15C4-4748-B478-59105CD1189F}.Debug|x64.ActiveCfg = Debug|x64
		{F706F6E6-15C4-4748-B478-59105CD1189F}.Debug|x64.Build.0 = Debug|x64
		{F706F6E6-15C4-4748-B478-59105CD1189F}.Debug|x86.ActiveCfg = Debug|Win32
		{F706F6E6-15C4-4748-B478-59105CD1189F}.Debug|x86.Build.0 = Debug|Win32
		{F706F6E6-15C4-4748-B478-59105CD1189F}.Release|x64.ActiveCfg = Release|x64
		{F706F6E6-15C4-4748-B478-59105CD1189F}.Release|x64.Build.0 = Release|x64
		{F706F6E6-15C4-4748-B478-59105CD1189F}.Release|x86.ActiveCfg = Release|Win32
		{F706F6E6-15C4-4748-B478-59105CD1189F}.Release|x86.Build.0 = Release|Win32
	EndGlobalSection
	GlobalSection(SolutionProperties) = preSolution
		HideSolutionNode = FALSE
	EndGlobalSection
	GlobalSection(ExtensibilityGlobals) = postSolution
		SolutionGuid = {E22587B2-1688-41F0-B110-5C2265259BF5}
	EndGlobalSection
EndGlobal
